
Microsoft Visual Studio Solution File, Format Version 12.00
# Visual Studio Version 16
VisualStudioVersion = 16.0.810.22
MinimumVisualStudioVersion = 10.0.40219.1
Project("{FAE04EC0-301F-11D3-BF4B-00C04F79EFBC}") = "sorting-app", "sorting-app.csproj", "{086CE132-3515-4EB9-9139-3FD8F3E553A8}"
EndProject
Project("{FAE04EC0-301F-11D3-BF4B-00C04F79EFBC}") = "Tests", "Tests\Tests.csproj", "{26EE7F85-72D5-4730-B181-84F828E27772}"
EndProject
Global
	GlobalSection(SolutionConfigurationPlatforms) = preSolution
		Debug|Any CPU = Debug|Any CPU
		Release|Any CPU = Release|Any CPU
	EndGlobalSection
	GlobalSection(ProjectConfigurationPlatforms) = postSolution
		{086CE132-3515-4EB9-9139-3FD8F3E553A8}.Debug|Any CPU.ActiveCfg = Debug|Any CPU
		{086CE132-3515-4EB9-9139-3FD8F3E553A8}.Debug|Any CPU.Build.0 = Debug|Any CPU
		{086CE132-3515-4EB9-9139-3FD8F3E553A8}.Release|Any CPU.ActiveCfg = Release|Any CPU
		{086CE132-3515-4EB9-9139-3FD8F3E553A8}.Release|Any CPU.Build.0 = Release|Any CPU
		{26EE7F85-72D5-4730-B181-84F828E27772}.Debug|Any CPU.ActiveCfg = Debug|Any CPU
		{26EE7F85-72D5-4730-B181-84F828E27772}.Debug|Any CPU.Build.0 = Debug|Any CPU
		{26EE7F85-72D5-4730-B181-84F828E27772}.Release|Any CPU.ActiveCfg = Release|Any CPU
		{26EE7F85-72D5-4730-B181-84F828E27772}.Release|Any CPU.Build.0 = Release|Any CPU
	EndGlobalSection
	GlobalSection(SolutionProperties) = preSolution
		HideSolutionNode = FALSE
	EndGlobalSection
	GlobalSection(ExtensibilityGlobals) = postSolution
		SolutionGuid = {9F212F0F-E0CE-4B8F-869C-ACACC9CF373F}
	EndGlobalSection
EndGlobal
